
Microsoft Visual Studio Solution File, Format Version 12.00
# Visual Studio 15
VisualStudioVersion = 15.0.27703.2035
MinimumVisualStudioVersion = 10.0.40219.1
Project("{FAE04EC0-301F-11D3-BF4B-00C04F79EFBC}") = "VIESApp", "VIESApp\VIESApp.csproj", "{C07E4D84-84AC-4274-8482-F196BBE106A2}"
EndProject
Global
	GlobalSection(SolutionConfigurationPlatforms) = preSolution
		Debug|Any CPU = Debug|Any CPU
		Release|Any CPU = Release|Any CPU
	EndGlobalSection
	GlobalSection(ProjectConfigurationPlatforms) = postSolution
		{C07E4D84-84AC-4274-8482-F196BBE106A2}.Debug|Any CPU.ActiveCfg = Debug|Any CPU
		{C07E4D84-84AC-4274-8482-F196BBE106A2}.Debug|Any CPU.Build.0 = Debug|Any CPU
		{C07E4D84-84AC-4274-8482-F196BBE106A2}.Release|Any CPU.ActiveCfg = Release|Any CPU
		{C07E4D84-84AC-4274-8482-F196BBE106A2}.Release|Any CPU.Build.0 = Release|Any CPU
	EndGlobalSection
	GlobalSection(SolutionProperties) = preSolution
		HideSolutionNode = FALSE
	EndGlobalSection
	GlobalSection(ExtensibilityGlobals) = postSolution
		SolutionGuid = {8FC8D27E-CA1E-4CC4-8A0D-DB7E710FF813}
	EndGlobalSection
EndGlobal
